
Microsoft Visual Studio Solution File, Format Version 12.00
Project("{FAE04EC0-301F-11D3-BF4B-00C04F79EFBC}") = "IdentityServer4Demo", "IdentityServer4Demo\IdentityServer4Demo.csproj", "{9239349E-7F43-4B14-983A-777FF15E9BEA}"
EndProject
Project("{FAE04EC0-301F-11D3-BF4B-00C04F79EFBC}") = "Service1", "Service1\Service1.csproj", "{2C9C78BF-88B1-4CCD-B356-15DD5EA80633}"
EndProject
Global
	GlobalSection(SolutionConfigurationPlatforms) = preSolution
		Debug|Any CPU = Debug|Any CPU
		Release|Any CPU = Release|Any CPU
	EndGlobalSection
	GlobalSection(ProjectConfigurationPlatforms) = postSolution
		{9239349E-7F43-4B14-983A-777FF15E9BEA}.Debug|Any CPU.ActiveCfg = Debug|Any CPU
		{9239349E-7F43-4B14-983A-777FF15E9BEA}.Debug|Any CPU.Build.0 = Debug|Any CPU
		{9239349E-7F43-4B14-983A-777FF15E9BEA}.Release|Any CPU.ActiveCfg = Release|Any CPU
		{9239349E-7F43-4B14-983A-777FF15E9BEA}.Release|Any CPU.Build.0 = Release|Any CPU
		{2C9C78BF-88B1-4CCD-B356-15DD5EA80633}.Debug|Any CPU.ActiveCfg = Debug|Any CPU
		{2C9C78BF-88B1-4CCD-B356-15DD5EA80633}.Debug|Any CPU.Build.0 = Debug|Any CPU
		{2C9C78BF-88B1-4CCD-B356-15DD5EA80633}.Release|Any CPU.ActiveCfg = Release|Any CPU
		{2C9C78BF-88B1-4CCD-B356-15DD5EA80633}.Release|Any CPU.Build.0 = Release|Any CPU
	EndGlobalSection
EndGlobal
